// !$*UTF8*$!
{
	archiveVersion = 1;
	classes = {
	};
	objectVersion = 56;
	objects = {

/* Begin PBXBuildFile section */
		20AE2B302F8701FE00126950 /* AppDelegate.swift in Sources */ = {isa = PBXBuildFile; fileRef = 20AE2B2F2F8701FE00126950 /* AppDelegate.swift */; };
		20AE2B322F8701FE00126950 /* SceneDelegate.swift in Sources */ = {isa = PBXBuildFile; fileRef = 20AE2B312F8701FE00126950 /* SceneDelegate.swift */; };
		20AE2B342F8701FE00126950 /* ViewController.swift in Sources */ = {isa = PBXBuildFile; fileRef = 20AE2B332F8701FE00126950 /* ViewController.swift */; };
		20AE2B372F8701FE00126950 /* Main.storyboard in Resources */ = {isa = PBXBuildFile; fileRef = 20AE2B352F8701FE00126950 /* Main.storyboard */; };
		20AE2B392F87020000126950 /* Assets.xcassets in Resources */ = {isa = PBXBuildFile; fileRef = 20AE2B382F87020000126950 /* Assets.xcassets */; };
		20AE2B3C2F87020000126950 /* LaunchScreen.storyboard in Resources */ = {isa = PBXBuildFile; fileRef = 20AE2B3A2F87020000126950 /* LaunchScreen.storyboard */; };
		20AE2B472F87020100126950 /* Useless_RadioTests.swift in Sources */ = {isa = PBXBuildFile; fileRef = 20AE2B462F87020100126950 /* Useless_RadioTests.swift */; };
		20AE2B512F87020100126950 /* Useless_RadioUITests.swift in Sources */ = {isa = PBXBuildFile; fileRef = 20AE2B502F87020100126950 /* Useless_RadioUITests.swift */; };
		20AE2B532F87020100126950 /* Useless_RadioUITestsLaunchTests.swift in Sources */ = {isa = PBXBuildFile; fileRef = 20AE2B522F87020100126950 /* Useless_RadioUITestsLaunchTests.swift */; };
/* End PBXBuildFile section */

/* Begin PBXContainerItemProxy section */
		20AE2B432F87020100126950 /* PBXContainerItemProxy */ = {
			isa = PBXContainerItemProxy;
			containerPortal = 20AE2B242F8701FE00126950 /* Project object */;
			proxyType = 1;
			remoteGlobalIDString = 20AE2B2B2F8701FE00126950;
			remoteInfo = "Useless Radio";
		};
		20AE2B4D2F87020100126950 /* PBXContainerItemProxy */ = {
			isa = PBXContainerItemProxy;
			containerPortal = 20AE2B242F8701FE00126950 /* Project object */;
			proxyType = 1;
			remoteGlobalIDString = 20AE2B2B2F8701FE00126950;
			remoteInfo = "Useless Radio";
		};
/* End PBXContainerItemProxy section */

/* Begin PBXFileReference section */
		20AE2B2C2F8701FE00126950 /* Useless Radio.app */ = {isa = PBXFileReference; explicitFileType = wrapper.application; includeInIndex = 0; path = "Useless Radio.app"; sourceTree = BUILT_PRODUCTS_DIR; };
		20AE2B2F2F8701FE00126950 /* AppDelegate.swift */ = {isa = PBXFileReference; lastKnownFileType = sourcecode.swift; path = AppDelegate.swift; sourceTree = "<group>"; };
		20AE2B312F8701FE00126950 /* SceneDelegate.swift */ = {isa = PBXFileReference; lastKnownFileType = sourcecode.swift; path = SceneDelegate.swift; sourceTree = "<group>"; };
		20AE2B332F8701FE00126950 /* ViewController.swift */ = {isa = PBXFileReference; lastKnownFileType = sourcecode.swift; path = ViewController.swift; sourceTree = "<group>"; };
		20AE2B362F8701FE00126950 /* Base */ = {isa = PBXFileReference; lastKnownFileType = file.storyboard; name = Base; path = Base.lproj/Main.storyboard; sourceTree = "<group>"; };
		20AE2B382F87020000126950 /* Assets.xcassets */ = {isa = PBXFileReference; lastKnownFileType = folder.assetcatalog; path = Assets.xcassets; sourceTree = "<group>"; };
		20AE2B3B2F87020000126950 /* Base */ = {isa = PBXFileReference; lastKnownFileType = file.storyboard; name = Base; path = Base.lproj/LaunchScreen.storyboard; sourceTree = "<group>"; };
		20AE2B3D2F87020000126950 /* Info.plist */ = {isa = PBXFileReference; lastKnownFileType = text.plist.xml; path = Info.plist; sourceTree = "<group>"; };
		20AE2B422F87020100126950 /* Useless RadioTests.xctest */ = {isa = PBXFileReference; explicitFileType = wrapper.cfbundle; includeInIndex = 0; path = "Useless RadioTests.xctest"; sourceTree = BUILT_PRODUCTS_DIR; };
		20AE2B462F87020100126950 /* Useless_RadioTests.swift */ = {isa = PBXFileReference; lastKnownFileType = sourcecode.swift; path = Useless_RadioTests.swift; sourceTree = "<group>"; };
		20AE2B4C2F87020100126950 /* Useless RadioUITests.xctest */ = {isa = PBXFileReference; explicitFileType = wrapper.cfbundle; includeInIndex = 0; path = "Useless RadioUITests.xctest"; sourceTree = BUILT_PRODUCTS_DIR; };
		20AE2B502F87020100126950 /* Useless_RadioUITests.swift */ = {isa = PBXFileReference; lastKnownFileType = sourcecode.swift; path = Useless_RadioUITests.swift; sourceTree = "<group>"; };
		20AE2B522F87020100126950 /* Useless_RadioUITestsLaunchTests.swift */ = {isa = PBXFileReference; lastKnownFileType = sourcecode.swift; path = Useless_RadioUITestsLaunchTests.swift; sourceTree = "<group>"; };
/* End PBXFileReference section */

/* Begin PBXFrameworksBuildPhase section */
		20AE2B292F8701FE00126950 /* Frameworks */ = {
			isa = PBXFrameworksBuildPhase;
			buildActionMask = 2147483647;
			files = (
			);
			runOnlyForDeploymentPostprocessing = 0;
		};
		20AE2B3F2F87020100126950 /* Frameworks */ = {
			isa = PBXFrameworksBuildPhase;
			buildActionMask = 2147483647;
			files = (
			);
			runOnlyForDeploymentPostprocessing = 0;
		};
		20AE2B492F87020100126950 /* Frameworks */ = {
			isa = PBXFrameworksBuildPhase;
			buildActionMask = 2147483647;
			files = (
			);
			runOnlyForDeploymentPostprocessing = 0;
		};
/* End PBXFrameworksBuildPhase section */

/* Begin PBXGroup section */
		20AE2B232F8701FE00126950 = {
			isa = PBXGroup;
			children = (
				20AE2B2E2F8701FE00126950 /* Useless Radio */,
				20AE2B452F87020100126950 /* Useless RadioTests */,
				20AE2B4F2F87020100126950 /* Useless RadioUITests */,
				20AE2B2D2F8701FE00126950 /* Products */,
			);
			sourceTree = "<group>";
		};
		20AE2B2D2F8701FE00126950 /* Products */ = {
			isa = PBXGroup;
			children = (
				20AE2B2C2F8701FE00126950 /* Useless Radio.app */,
				20AE2B422F87020100126950 /* Useless RadioTests.xctest */,
				20AE2B4C2F87020100126950 /* Useless RadioUITests.xctest */,
			);
			name = Products;
			sourceTree = "<group>";
		};
		20AE2B2E2F8701FE00126950 /* Useless Radio */ = {
			isa = PBXGroup;
			children = (
				20AE2B2F2F8701FE00126950 /* AppDelegate.swift */,
				20AE2B312F8701FE00126950 /* SceneDelegate.swift */,
				20AE2B332F8701FE00126950 /* ViewController.swift */,
				20AE2B352F8701FE00126950 /* Main.storyboard */,
				20AE2B382F87020000126950 /* Assets.xcassets */,
				20AE2B3A2F87020000126950 /* LaunchScreen.storyboard */,
				20AE2B3D2F87020000126950 /* Info.plist */,
			);
			path = "Useless Radio";
			sourceTree = "<group>";
		};
		20AE2B452F87020100126950 /* Useless RadioTests */ = {
			isa = PBXGroup;
			children = (
				20AE2B462F87020100126950 /* Useless_RadioTests.swift */,
			);
			path = "Useless RadioTests";
			sourceTree = "<group>";
		};
		20AE2B4F2F87020100126950 /* Useless RadioUITests */ = {
			isa = PBXGroup;
			children = (
				20AE2B502F87020100126950 /* Useless_RadioUITests.swift */,
				20AE2B522F87020100126950 /* Useless_RadioUITestsLaunchTests.swift */,
			);
			path = "Useless RadioUITests";
			sourceTree = "<group>";
		};
/* End PBXGroup section */

/* Begin PBXNativeTarget section */
		20AE2B2B2F8701FE00126950 /* Useless Radio */ = {
			isa = PBXNativeTarget;
			buildConfigurationList = 20AE2B562F87020100126950 /* Build configuration list for PBXNativeTarget "Useless Radio" */;
			buildPhases = (
				20AE2B282F8701FE00126950 /* Sources */,
				20AE2B292F8701FE00126950 /* Frameworks */,
				20AE2B2A2F8701FE00126950 /* Resources */,
			);
			buildRules = (
			);
			dependencies = (
			);
			name = "Useless Radio";
			productName = "Useless Radio";
			productReference = 20AE2B2C2F8701FE00126950 /* Useless Radio.app */;
			productType = "com.apple.product-type.application";
		};
		20AE2B412F87020100126950 /* Useless RadioTests */ = {
			isa = PBXNativeTarget;
			buildConfigurationList = 20AE2B592F87020100126950 /* Build configuration list for PBXNativeTarget "Useless RadioTests" */;
			buildPhases = (
				20AE2B3E2F87020100126950 /* Sources */,
				20AE2B3F2F87020100126950 /* Frameworks */,
				20AE2B402F87020100126950 /* Resources */,
			);
			buildRules = (
			);
			dependencies = (
				20AE2B442F87020100126950 /* PBXTargetDependency */,
			);
			name = "Useless RadioTests";
			productName = "Useless RadioTests";
			productReference = 20AE2B422F87020100126950 /* Useless RadioTests.xctest */;
			productType = "com.apple.product-type.bundle.unit-test";
		};
		20AE2B4B2F87020100126950 /* Useless RadioUITests */ = {
			isa = PBXNativeTarget;
			buildConfigurationList = 20AE2B5C2F87020100126950 /* Build configuration list for PBXNativeTarget "Useless RadioUITests" */;
			buildPhases = (
				20AE2B482F87020100126950 /* Sources */,
				20AE2B492F87020100126950 /* Frameworks */,
				20AE2B4A2F87020100126950 /* Resources */,
			);
			buildRules = (
			);
			dependencies = (
				20AE2B4E2F87020100126950 /* PBXTargetDependency */,
			);
			name = "Useless RadioUITests";
			productName = "Useless RadioUITests";
			productReference = 20AE2B4C2F87020100126950 /* Useless RadioUITests.xctest */;
			productType = "com.apple.product-type.bundle.ui-testing";
		};
/* End PBXNativeTarget section */

/* Begin PBXProject section */
		20AE2B242F8701FE00126950 /* Project object */ = {
			isa = PBXProject;
			attributes = {
				BuildIndependentTargetsInParallel = 1;
				LastSwiftUpdateCheck = 1420;
				LastUpgradeCheck = 1420;
				TargetAttributes = {
					20AE2B2B2F8701FE00126950 = {
						CreatedOnToolsVersion = 14.2;
					};
					20AE2B412F87020100126950 = {
						CreatedOnToolsVersion = 14.2;
						TestTargetID = 20AE2B2B2F8701FE00126950;
					};
					20AE2B4B2F87020100126950 = {
						CreatedOnToolsVersion = 14.2;
						TestTargetID = 20AE2B2B2F8701FE00126950;
					};
				};
			};
			buildConfigurationList = 20AE2B272F8701FE00126950 /* Build configuration list for PBXProject "Useless Radio" */;
			compatibilityVersion = "Xcode 14.0";
			developmentRegion = en;
			hasScannedForEncodings = 0;
			knownRegions = (
				en,
				Base,
			);
			mainGroup = 20AE2B232F8701FE00126950;
			productRefGroup = 20AE2B2D2F8701FE00126950 /* Products */;
			projectDirPath = "";
			projectRoot = "";
			targets = (
				20AE2B2B2F8701FE00126950 /* Useless Radio */,
				20AE2B412F87020100126950 /* Useless RadioTests */,
				20AE2B4B2F87020100126950 /* Useless RadioUITests */,
			);
		};
/* End PBXProject section */

/* Begin PBXResourcesBuildPhase section */
		20AE2B2A2F8701FE00126950 /* Resources */ = {
			isa = PBXResourcesBuildPhase;
			buildActionMask = 2147483647;
			files = (
				20AE2B3C2F87020000126950 /* LaunchScreen.storyboard in Resources */,
				20AE2B392F87020000126950 /* Assets.xcassets in Resources */,
				20AE2B372F8701FE00126950 /* Main.storyboard in Resources */,
			);
			runOnlyForDeploymentPostprocessing = 0;
		};
		20AE2B402F87020100126950 /* Resources */ = {
			isa = PBXResourcesBuildPhase;
			buildActionMask = 2147483647;
			files = (
			);
			runOnlyForDeploymentPostprocessing = 0;
		};
		20AE2B4A2F87020100126950 /* Resources */ = {
			isa = PBXResourcesBuildPhase;
			buildActionMask = 2147483647;
			files = (
			);
			runOnlyForDeploymentPostprocessing = 0;
		};
/* End PBXResourcesBuildPhase section */

/* Begin PBXSourcesBuildPhase section */
		20AE2B282F8701FE00126950 /* Sources */ = {
			isa = PBXSourcesBuildPhase;
			buildActionMask = 2147483647;
			files = (
				20AE2B342F8701FE00126950 /* ViewController.swift in Sources */,
				20AE2B302F8701FE00126950 /* AppDelegate.swift in Sources */,
				20AE2B322F8701FE00126950 /* SceneDelegate.swift in Sources */,
			);
			runOnlyForDeploymentPostprocessing = 0;
		};
		20AE2B3E2F87020100126950 /* Sources */ = {
			isa = PBXSourcesBuildPhase;
			buildActionMask = 2147483647;
			files = (
				20AE2B472F87020100126950 /* Useless_RadioTests.swift in Sources */,
			);
			runOnlyForDeploymentPostprocessing = 0;
		};
		20AE2B482F87020100126950 /* Sources */ = {
			isa = PBXSourcesBuildPhase;
			buildActionMask = 2147483647;
			files = (
				20AE2B512F87020100126950 /* Useless_RadioUITests.swift in Sources */,
				20AE2B532F87020100126950 /* Useless_RadioUITestsLaunchTests.swift in Sources */,
			);
			runOnlyForDeploymentPostprocessing = 0;
		};
/* End PBXSourcesBuildPhase section */

/* Begin PBXTargetDependency section */
		20AE2B442F87020100126950 /* PBXTargetDependency */ = {
			isa = PBXTargetDependency;
			target = 20AE2B2B2F8701FE00126950 /* Useless Radio */;
			targetProxy = 20AE2B432F87020100126950 /* PBXContainerItemProxy */;
		};
		20AE2B4E2F87020100126950 /* PBXTargetDependency */ = {
			isa = PBXTargetDependency;
			target = 20AE2B2B2F8701FE00126950 /* Useless Radio */;
			targetProxy = 20AE2B4D2F87020100126950 /* PBXContainerItemProxy */;
		};
/* End PBXTargetDependency section */

/* Begin PBXVariantGroup section */
		20AE2B352F8701FE00126950 /* Main.storyboard */ = {
			isa = PBXVariantGroup;
			children = (
				20AE2B362F8701FE00126950 /* Base */,
			);
			name = Main.storyboard;
			sourceTree = "<group>";
		};
		20AE2B3A2F87020000126950 /* LaunchScreen.storyboard */ = {
			isa = PBXVariantGroup;
			children = (
				20AE2B3B2F87020000126950 /* Base */,
			);
			name = LaunchScreen.storyboard;
			sourceTree = "<group>";
		};
/* End PBXVariantGroup section */

/* Begin XCBuildConfiguration section */
		20AE2B542F87020100126950 /* Debug */ = {
			isa = XCBuildConfiguration;
			buildSettings = {
				ALWAYS_SEARCH_USER_PATHS = NO;
				CLANG_ANALYZER_NONNULL = YES;
				CLANG_ANALYZER_NUMBER_OBJECT_CONVERSION = YES_AGGRESSIVE;
				CLANG_CXX_LANGUAGE_STANDARD = "gnu++20";
				CLANG_ENABLE_MODULES = YES;
				CLANG_ENABLE_OBJC_ARC = YES;
				CLANG_ENABLE_OBJC_WEAK = YES;
				CLANG_WARN_BLOCK_CAPTURE_AUTORELEASING = YES;
				CLANG_WARN_BOOL_CONVERSION = YES;
				CLANG_WARN_COMMA = YES;
				CLANG_WARN_CONSTANT_CONVERSION = YES;
				CLANG_WARN_DEPRECATED_OBJC_IMPLEMENTATIONS = YES;
				CLANG_WARN_DIRECT_OBJC_ISA_USAGE = YES_ERROR;
				CLANG_WARN_DOCUMENTATION_COMMENTS = YES;
				CLANG_WARN_EMPTY_BODY = YES;
				CLANG_WARN_ENUM_CONVERSION = YES;
				CLANG_WARN_INFINITE_RECURSION = YES;
				CLANG_WARN_INT_CONVERSION = YES;
				CLANG_WARN_NON_LITERAL_NULL_CONVERSION = YES;
				CLANG_WARN_OBJC_IMPLICIT_RETAIN_SELF = YES;
				CLANG_WARN_OBJC_LITERAL_CONVERSION = YES;
				CLANG_WARN_OBJC_ROOT_CLASS = YES_ERROR;
				CLANG_WARN_QUOTED_INCLUDE_IN_FRAMEWORK_HEADER = YES;
				CLANG_WARN_RANGE_LOOP_ANALYSIS = YES;
				CLANG_WARN_STRICT_PROTOTYPES = YES;
				CLANG_WARN_SUSPICIOUS_MOVE = YES;
				CLANG_WARN_UNGUARDED_AVAILABILITY = YES_AGGRESSIVE;
				CLANG_WARN_UNREACHABLE_CODE = YES;
				CLANG_WARN__DUPLICATE_METHOD_MATCH = YES;
				COPY_PHASE_STRIP = NO;
				DEBUG_INFORMATION_FORMAT = dwarf;
				ENABLE_STRICT_OBJC_MSGSEND = YES;
				ENABLE_TESTABILITY = YES;
				GCC_C_LANGUAGE_STANDARD = gnu11;
				GCC_DYNAMIC_NO_PIC = NO;
				GCC_NO_COMMON_BLOCKS = YES;
				GCC_OPTIMIZATION_LEVEL = 0;
				GCC_PREPROCESSOR_DEFINITIONS = (
					"DEBUG=1",
					"$(inherited)",
				);
				GCC_WARN_64_TO_32_BIT_CONVERSION = YES;
				GCC_WARN_ABOUT_RETURN_TYPE = YES_ERROR;
				GCC_WARN_UNDECLARED_SELECTOR = YES;
				GCC_WARN_UNINITIALIZED_AUTOS = YES_AGGRESSIVE;
				GCC_WARN_UNUSED_FUNCTION = YES;
				GCC_WARN_UNUSED_VARIABLE = YES;
				IPHONEOS_DEPLOYMENT_TARGET = 16.2;
				MTL_ENABLE_DEBUG_INFO = INCLUDE_SOURCE;
				MTL_FAST_MATH = YES;
				ONLY_ACTIVE_ARCH = YES;
				SDKROOT = iphoneos;
				SWIFT_ACTIVE_COMPILATION_CONDITIONS = DEBUG;
				SWIFT_OPTIMIZATION_LEVEL = "-Onone";
			};
			name = Debug;
		};
		20AE2B552F87020100126950 /* Release */ = {
			isa = XCBuildConfiguration;
			buildSettings = {
				ALWAYS_SEARCH_USER_PATHS = NO;
				CLANG_ANALYZER_NONNULL = YES;
				CLANG_ANALYZER_NUMBER_OBJECT_CONVERSION = YES_AGGRESSIVE;
				CLANG_CXX_LANGUAGE_STANDARD = "gnu++20";
				CLANG_ENABLE_MODULES = YES;
				CLANG_ENABLE_OBJC_ARC = YES;
				CLANG_ENABLE_OBJC_WEAK = YES;
				CLANG_WARN_BLOCK_CAPTURE_AUTORELEASING = YES;
				CLANG_WARN_BOOL_CONVERSION = YES;
				CLANG_WARN_COMMA = YES;
				CLANG_WARN_CONSTANT_CONVERSION = YES;
				CLANG_WARN_DEPRECATED_OBJC_IMPLEMENTATIONS = YES;
				CLANG_WARN_DIRECT_OBJC_ISA_USAGE = YES_ERROR;
				CLANG_WARN_DOCUMENTATION_COMMENTS = YES;
				CLANG_WARN_EMPTY_BODY = YES;
				CLANG_WARN_ENUM_CONVERSION = YES;
				CLANG_WARN_INFINITE_RECURSION = YES;
				CLANG_WARN_INT_CONVERSION = YES;
				CLANG_WARN_NON_LITERAL_NULL_CONVERSION = YES;
				CLANG_WARN_OBJC_IMPLICIT_RETAIN_SELF = YES;
				CLANG_WARN_OBJC_LITERAL_CONVERSION = YES;
				CLANG_WARN_OBJC_ROOT_CLASS = YES_ERROR;
				CLANG_WARN_QUOTED_INCLUDE_IN_FRAMEWORK_HEADER = YES;
				CLANG_WARN_RANGE_LOOP_ANALYSIS = YES;
				CLANG_WARN_STRICT_PROTOTYPES = YES;
				CLANG_WARN_SUSPICIOUS_MOVE = YES;
				CLANG_WARN_UNGUARDED_AVAILABILITY = YES_AGGRESSIVE;
				CLANG_WARN_UNREACHABLE_CODE = YES;
				CLANG_WARN__DUPLICATE_METHOD_MATCH = YES;
				COPY_PHASE_STRIP = NO;
				DEBUG_INFORMATION_FORMAT = "dwarf-with-dsym";
				ENABLE_NS_ASSERTIONS = NO;
				ENABLE_STRICT_OBJC_MSGSEND = YES;
				GCC_C_LANGUAGE_STANDARD = gnu11;
				GCC_NO_COMMON_BLOCKS = YES;
				GCC_WARN_64_TO_32_BIT_CONVERSION = YES;
				GCC_WARN_ABOUT_RETURN_TYPE = YES_ERROR;
				GCC_WARN_UNDECLARED_SELECTOR = YES;
				GCC_WARN_UNINITIALIZED_AUTOS = YES_AGGRESSIVE;
				GCC_WARN_UNUSED_FUNCTION = YES;
				GCC_WARN_UNUSED_VARIABLE = YES;
				IPHONEOS_DEPLOYMENT_TARGET = 16.2;
				MTL_ENABLE_DEBUG_INFO = NO;
				MTL_FAST_MATH = YES;
				SDKROOT = iphoneos;
				SWIFT_COMPILATION_MODE = wholemodule;
				SWIFT_OPTIMIZATION_LEVEL = "-O";
				VALIDATE_PRODUCT = YES;
			};
			name = Release;
		};
		20AE2B572F87020100126950 /* Debug */ = {
			isa = XCBuildConfiguration;
			buildSettings = {
				ASSETCATALOG_COMPILER_APPICON_NAME = AppIcon;
				ASSETCATALOG_COMPILER_GLOBAL_ACCENT_COLOR_NAME = AccentColor;
				CODE_SIGN_STYLE = Automatic;
				CURRENT_PROJECT_VERSION = 1;
				DEVELOPMENT_TEAM = QXSKCPNT8B;
				GENERATE_INFOPLIST_FILE = YES;
				INFOPLIST_FILE = "Useless Radio/Info.plist";
				INFOPLIST_KEY_UIApplicationSupportsIndirectInputEvents = YES;
				INFOPLIST_KEY_UILaunchStoryboardName = LaunchScreen;
				INFOPLIST_KEY_UIMainStoryboardFile = Main;
				INFOPLIST_KEY_UISupportedInterfaceOrientations_iPad = "UIInterfaceOrientationPortrait UIInterfaceOrientationPortraitUpsideDown UIInterfaceOrientationLandscapeLeft UIInterfaceOrientationLandscapeRight";
				INFOPLIST_KEY_UISupportedInterfaceOrientations_iPhone = "UIInterfaceOrientationPortrait UIInterfaceOrientationLandscapeLeft UIInterfaceOrientationLandscapeRight";
				LD_RUNPATH_SEARCH_PATHS = (
					"$(inherited)",
					"@executable_path/Frameworks",
				);
				MARKETING_VERSION = 1.0;
				PRODUCT_BUNDLE_IDENTIFIER = "com.uselessradio.app.Useless-Radio";
				PRODUCT_NAME = "$(TARGET_NAME)";
				SWIFT_EMIT_LOC_STRINGS = YES;
				SWIFT_VERSION = 5.0;
				TARGETED_DEVICE_FAMILY = "1,2";
			};
			name = Debug;
		};
		20AE2B582F87020100126950 /* Release */ = {
			isa = XCBuildConfiguration;
			buildSettings = {
				ASSETCATALOG_COMPILER_APPICON_NAME = AppIcon;
				ASSETCATALOG_COMPILER_GLOBAL_ACCENT_COLOR_NAME = AccentColor;
				CODE_SIGN_STYLE = Automatic;
				CURRENT_PROJECT_VERSION = 1;
				DEVELOPMENT_TEAM = QXSKCPNT8B;
				GENERATE_INFOPLIST_FILE = YES;
				INFOPLIST_FILE = "Useless Radio/Info.plist";
				INFOPLIST_KEY_UIApplicationSupportsIndirectInputEvents = YES;
				INFOPLIST_KEY_UILaunchStoryboardName = LaunchScreen;
				INFOPLIST_KEY_UIMainStoryboardFile = Main;
				INFOPLIST_KEY_UISupportedInterfaceOrientations_iPad = "UIInterfaceOrientationPortrait UIInterfaceOrientationPortraitUpsideDown UIInterfaceOrientationLandscapeLeft UIInterfaceOrientationLandscapeRight";
				INFOPLIST_KEY_UISupportedInterfaceOrientations_iPhone = "UIInterfaceOrientationPortrait UIInterfaceOrientationLandscapeLeft UIInterfaceOrientationLandscapeRight";
				LD_RUNPATH_SEARCH_PATHS = (
					"$(inherited)",
					"@executable_path/Frameworks",
				);
				MARKETING_VERSION = 1.0;
				PRODUCT_BUNDLE_IDENTIFIER = "com.uselessradio.app.Useless-Radio";
				PRODUCT_NAME = "$(TARGET_NAME)";
				SWIFT_EMIT_LOC_STRINGS = YES;
				SWIFT_VERSION = 5.0;
				TARGETED_DEVICE_FAMILY = "1,2";
			};
			name = Release;
		};
		20AE2B5A2F87020100126950 /* Debug */ = {
			isa = XCBuildConfiguration;
			buildSettings = {
				ALWAYS_EMBED_SWIFT_STANDARD_LIBRARIES = YES;
				BUNDLE_LOADER = "$(TEST_HOST)";
				CODE_SIGN_STYLE = Automatic;
				CURRENT_PROJECT_VERSION = 1;
				DEVELOPMENT_TEAM = QXSKCPNT8B;
				GENERATE_INFOPLIST_FILE = YES;
				IPHONEOS_DEPLOYMENT_TARGET = 16.2;
				MARKETING_VERSION = 1.0;
				PRODUCT_BUNDLE_IDENTIFIER = "com.uselessradio.app.Useless-RadioTests";
				PRODUCT_NAME = "$(TARGET_NAME)";
				SWIFT_EMIT_LOC_STRINGS = NO;
				SWIFT_VERSION = 5.0;
				TARGETED_DEVICE_FAMILY = "1,2";
				TEST_HOST = "$(BUILT_PRODUCTS_DIR)/Useless Radio.app/$(BUNDLE_EXECUTABLE_FOLDER_PATH)/Useless Radio";
			};
			name = Debug;
		};
		20AE2B5B2F87020100126950 /* Release */ = {
			isa = XCBuildConfiguration;
			buildSettings = {
				ALWAYS_EMBED_SWIFT_STANDARD_LIBRARIES = YES;
				BUNDLE_LOADER = "$(TEST_HOST)";
				CODE_SIGN_STYLE = Automatic;
				CURRENT_PROJECT_VERSION = 1;
				DEVELOPMENT_TEAM = QXSKCPNT8B;
				GENERATE_INFOPLIST_FILE = YES;
				IPHONEOS_DEPLOYMENT_TARGET = 16.2;
				MARKETING_VERSION = 1.0;
				PRODUCT_BUNDLE_IDENTIFIER = "com.uselessradio.app.Useless-RadioTests";
				PRODUCT_NAME = "$(TARGET_NAME)";
				SWIFT_EMIT_LOC_STRINGS = NO;
				SWIFT_VERSION = 5.0;
				TARGETED_DEVICE_FAMILY = "1,2";
				TEST_HOST = "$(BUILT_PRODUCTS_DIR)/Useless Radio.app/$(BUNDLE_EXECUTABLE_FOLDER_PATH)/Useless Radio";
			};
			name = Release;
		};
		20AE2B5D2F87020100126950 /* Debug */ = {
			isa = XCBuildConfiguration;
			buildSettings = {
				ALWAYS_EMBED_SWIFT_STANDARD_LIBRARIES = YES;
				CODE_SIGN_STYLE = Automatic;
				CURRENT_PROJECT_VERSION = 1;
				DEVELOPMENT_TEAM = QXSKCPNT8B;
				GENERATE_INFOPLIST_FILE = YES;
				MARKETING_VERSION = 1.0;
				PRODUCT_BUNDLE_IDENTIFIER = "com.uselessradio.app.Useless-RadioUITests";
				PRODUCT_NAME = "$(TARGET_NAME)";
				SWIFT_EMIT_LOC_STRINGS = NO;
				SWIFT_VERSION = 5.0;
				TARGETED_DEVICE_FAMILY = "1,2";
				TEST_TARGET_NAME = "Useless Radio";
			};
			name = Debug;
		};
		20AE2B5E2F87020100126950 /* Release */ = {
			isa = XCBuildConfiguration;
			buildSettings = {
				ALWAYS_EMBED_SWIFT_STANDARD_LIBRARIES = YES;
				CODE_SIGN_STYLE = Automatic;
				CURRENT_PROJECT_VERSION = 1;
				DEVELOPMENT_TEAM = QXSKCPNT8B;
				GENERATE_INFOPLIST_FILE = YES;
				MARKETING_VERSION = 1.0;
				PRODUCT_BUNDLE_IDENTIFIER = "com.uselessradio.app.Useless-RadioUITests";
				PRODUCT_NAME = "$(TARGET_NAME)";
				SWIFT_EMIT_LOC_STRINGS = NO;
				SWIFT_VERSION = 5.0;
				TARGETED_DEVICE_FAMILY = "1,2";
				TEST_TARGET_NAME = "Useless Radio";
			};
			name = Release;
		};
/* End XCBuildConfiguration section */

/* Begin XCConfigurationList section */
		20AE2B272F8701FE00126950 /* Build configuration list for PBXProject "Useless Radio" */ = {
			isa = XCConfigurationList;
			buildConfigurations = (
				20AE2B542F87020100126950 /* Debug */,
				20AE2B552F87020100126950 /* Release */,
			);
			defaultConfigurationIsVisible = 0;
			defaultConfigurationName = Release;
		};
		20AE2B562F87020100126950 /* Build configuration list for PBXNativeTarget "Useless Radio" */ = {
			isa = XCConfigurationList;
			buildConfigurations = (
				20AE2B572F87020100126950 /* Debug */,
				20AE2B582F87020100126950 /* Release */,
			);
			defaultConfigurationIsVisible = 0;
			defaultConfigurationName = Release;
		};
		20AE2B592F87020100126950 /* Build configuration list for PBXNativeTarget "Useless RadioTests" */ = {
			isa = XCConfigurationList;
			buildConfigurations = (
				20AE2B5A2F87020100126950 /* Debug */,
				20AE2B5B2F87020100126950 /* Release */,
			);
			defaultConfigurationIsVisible = 0;
			defaultConfigurationName = Release;
		};
		20AE2B5C2F87020100126950 /* Build configuration list for PBXNativeTarget "Useless RadioUITests" */ = {
			isa = XCConfigurationList;
			buildConfigurations = (
				20AE2B5D2F87020100126950 /* Debug */,
				20AE2B5E2F87020100126950 /* Release */,
			);
			defaultConfigurationIsVisible = 0;
			defaultConfigurationName = Release;
		};
/* End XCConfigurationList section */
	};
	rootObject = 20AE2B242F8701FE00126950 /* Project object */;
}
